
Microsoft Visual Studio Solution File, Format Version 12.00
# Visual Studio Version 17
VisualStudioVersion = 17.14.36203.30 d17.14
MinimumVisualStudioVersion = 10.0.40219.1
Project("{FAE04EC0-301F-11D3-BF4B-00C04F79EFBC}") = "Testing.cs", "Testing.cs.csproj", "{83C8B846-3A50-4E7A-BBD9-0998CD8853C4}"
EndProject
Global
	GlobalSection(SolutionConfigurationPlatforms) = preSolution
		Debug|Any CPU = Debug|Any CPU
		Release|Any CPU = Release|Any CPU
	EndGlobalSection
	GlobalSection(ProjectConfigurationPlatforms) = postSolution
		{83C8B846-3A50-4E7A-BBD9-0998CD8853C4}.Debug|Any CPU.ActiveCfg = Debug|Any CPU
		{83C8B846-3A50-4E7A-BBD9-0998CD8853C4}.Debug|Any CPU.Build.0 = Debug|Any CPU
		{83C8B846-3A50-4E7A-BBD9-0998CD8853C4}.Release|Any CPU.ActiveCfg = Release|Any CPU
		{83C8B846-3A50-4E7A-BBD9-0998CD8853C4}.Release|Any CPU.Build.0 = Release|Any CPU
	EndGlobalSection
	GlobalSection(SolutionProperties) = preSolution
		HideSolutionNode = FALSE
	EndGlobalSection
	GlobalSection(ExtensibilityGlobals) = postSolution
		SolutionGuid = {47387DA8-3E33-4559-BA9E-14B2834C3A81}
	EndGlobalSection
EndGlobal
